
Microsoft Visual Studio Solution File, Format Version 12.00
# Visual Studio Version 17
VisualStudioVersion = 17.2.32630.192
MinimumVisualStudioVersion = 10.0.40219.1
Project("{FAE04EC0-301F-11D3-BF4B-00C04F79EFBC}") = "Kariyerim.Api", "Kariyerim.Api\Kariyerim.Api.csproj", "{2B26EB2C-FED6-4BCC-9691-E7BF73F330B1}"
EndProject
Project("{FAE04EC0-301F-11D3-BF4B-00C04F79EFBC}") = "Kariyerim.DAL", "Kariyerim.DAL\Kariyerim.DAL.csproj", "{2F13561B-14A5-44BC-AD80-5C77DA7F5938}"
EndProject
Project("{FAE04EC0-301F-11D3-BF4B-00C04F79EFBC}") = "Kariyerim.BLL", "Kariyerim.BLL\Kariyerim.BLL.csproj", "{479D46E6-87F1-4197-9688-51473ABC00D7}"
EndProject
Project("{FAE04EC0-301F-11D3-BF4B-00C04F79EFBC}") = "Kariyerim.Entity", "Kariyerim.Entity\Kariyerim.Entity.csproj", "{338D6D60-0FC8-498D-9DB9-3AA5BA0D8034}"
EndProject
Project("{FAE04EC0-301F-11D3-BF4B-00C04F79EFBC}") = "Kariyerim.DTO", "Kariyerim.DTO\Kariyerim.DTO.csproj", "{97353DED-65F2-4BA9-B73A-77A1559515B9}"
EndProject
Global
	GlobalSection(SolutionConfigurationPlatforms) = preSolution
		Debug|Any CPU = Debug|Any CPU
		Release|Any CPU = Release|Any CPU
	EndGlobalSection
	GlobalSection(ProjectConfigurationPlatforms) = postSolution
		{2B26EB2C-FED6-4BCC-9691-E7BF73F330B1}.Debug|Any CPU.ActiveCfg = Debug|Any CPU
		{2B26EB2C-FED6-4BCC-9691-E7BF73F330B1}.Debug|Any CPU.Build.0 = Debug|Any CPU
		{2B26EB2C-FED6-4BCC-9691-E7BF73F330B1}.Release|Any CPU.ActiveCfg = Release|Any CPU
		{2B26EB2C-FED6-4BCC-9691-E7BF73F330B1}.Release|Any CPU.Build.0 = Release|Any CPU
		{2F13561B-14A5-44BC-AD80-5C77DA7F5938}.Debug|Any CPU.ActiveCfg = Debug|Any CPU
		{2F13561B-14A5-44BC-AD80-5C77DA7F5938}.Debug|Any CPU.Build.0 = Debug|Any CPU
		{2F13561B-14A5-44BC-AD80-5C77DA7F5938}.Release|Any CPU.ActiveCfg = Release|Any CPU
		{2F13561B-14A5-44BC-AD80-5C77DA7F5938}.Release|Any CPU.Build.0 = Release|Any CPU
		{479D46E6-87F1-4197-9688-51473ABC00D7}.Debug|Any CPU.ActiveCfg = Debug|Any CPU
		{479D46E6-87F1-4197-9688-51473ABC00D7}.Debug|Any CPU.Build.0 = Debug|Any CPU
		{479D46E6-87F1-4197-9688-51473ABC00D7}.Release|Any CPU.ActiveCfg = Release|Any CPU
		{479D46E6-87F1-4197-9688-51473ABC00D7}.Release|Any CPU.Build.0 = Release|Any CPU
		{338D6D60-0FC8-498D-9DB9-3AA5BA0D8034}.Debug|Any CPU.ActiveCfg = Debug|Any CPU
		{338D6D60-0FC8-498D-9DB9-3AA5BA0D8034}.Debug|Any CPU.Build.0 = Debug|Any CPU
		{338D6D60-0FC8-498D-9DB9-3AA5BA0D8034}.Release|Any CPU.ActiveCfg = Release|Any CPU
		{338D6D60-0FC8-498D-9DB9-3AA5BA0D8034}.Release|Any CPU.Build.0 = Release|Any CPU
		{97353DED-65F2-4BA9-B73A-77A1559515B9}.Debug|Any CPU.ActiveCfg = Debug|Any CPU
		{97353DED-65F2-4BA9-B73A-77A1559515B9}.Debug|Any CPU.Build.0 = Debug|Any CPU
		{97353DED-65F2-4BA9-B73A-77A1559515B9}.Release|Any CPU.ActiveCfg = Release|Any CPU
		{97353DED-65F2-4BA9-B73A-77A1559515B9}.Release|Any CPU.Build.0 = Release|Any CPU
	EndGlobalSection
	GlobalSection(SolutionProperties) = preSolution
		HideSolutionNode = FALSE
	EndGlobalSection
	GlobalSection(ExtensibilityGlobals) = postSolution
		SolutionGuid = {947B8D87-C1FC-4705-8BE5-7075BFA73F62}
	EndGlobalSection
EndGlobal
